
Microsoft Visual Studio Solution File, Format Version 12.00
Project("{FAE04EC0-301F-11D3-BF4B-00C04F79EFBC}") = "Habits.Core", "Habits.Core\Habits.Core.csproj", "{84B3D670-7C21-4E32-B858-351F4CD2667A}"
EndProject
Project("{FAE04EC0-301F-11D3-BF4B-00C04F79EFBC}") = "Habits.Application", "Habits.Application\Habits.Application.csproj", "{2FBF1113-6D10-4BE8-A19C-0E375EC88B6B}"
EndProject
Project("{FAE04EC0-301F-11D3-BF4B-00C04F79EFBC}") = "Habits.gRPC", "Habits.gRPC\Habits.gRPC.csproj", "{002E70EC-DEE4-4994-88BF-1DD680DFB31D}"
EndProject
Project("{FAE04EC0-301F-11D3-BF4B-00C04F79EFBC}") = "Habits.Infrastructure", "Habits.Infrastructure\Habits.Infrastructure.csproj", "{594A17C6-28C8-4548-8CF7-DAC4903F1D1B}"
EndProject
Project("{FAE04EC0-301F-11D3-BF4B-00C04F79EFBC}") = "Habits.Infrastructure.Migrations", "Habits.Infrastructure.Migrations\Habits.Infrastructure.Migrations.csproj", "{89B7329C-9FDA-4977-A276-23EC9523E26C}"
EndProject
Project("{FAE04EC0-301F-11D3-BF4B-00C04F79EFBC}") = "Habits.IntegrationTest", "Habits.IntegrationTest\Habits.IntegrationTest.csproj", "{7A0EAA05-A834-42BD-BB66-C8D9833696CB}"
EndProject
Global
	GlobalSection(SolutionConfigurationPlatforms) = preSolution
		Debug|Any CPU = Debug|Any CPU
		Release|Any CPU = Release|Any CPU
	EndGlobalSection
	GlobalSection(ProjectConfigurationPlatforms) = postSolution
		{84B3D670-7C21-4E32-B858-351F4CD2667A}.Debug|Any CPU.ActiveCfg = Debug|Any CPU
		{84B3D670-7C21-4E32-B858-351F4CD2667A}.Debug|Any CPU.Build.0 = Debug|Any CPU
		{84B3D670-7C21-4E32-B858-351F4CD2667A}.Release|Any CPU.ActiveCfg = Release|Any CPU
		{84B3D670-7C21-4E32-B858-351F4CD2667A}.Release|Any CPU.Build.0 = Release|Any CPU
		{2FBF1113-6D10-4BE8-A19C-0E375EC88B6B}.Debug|Any CPU.ActiveCfg = Debug|Any CPU
		{2FBF1113-6D10-4BE8-A19C-0E375EC88B6B}.Debug|Any CPU.Build.0 = Debug|Any CPU
		{2FBF1113-6D10-4BE8-A19C-0E375EC88B6B}.Release|Any CPU.ActiveCfg = Release|Any CPU
		{2FBF1113-6D10-4BE8-A19C-0E375EC88B6B}.Release|Any CPU.Build.0 = Release|Any CPU
		{002E70EC-DEE4-4994-88BF-1DD680DFB31D}.Debug|Any CPU.ActiveCfg = Debug|Any CPU
		{002E70EC-DEE4-4994-88BF-1DD680DFB31D}.Debug|Any CPU.Build.0 = Debug|Any CPU
		{002E70EC-DEE4-4994-88BF-1DD680DFB31D}.Release|Any CPU.ActiveCfg = Release|Any CPU
		{002E70EC-DEE4-4994-88BF-1DD680DFB31D}.Release|Any CPU.Build.0 = Release|Any CPU
		{594A17C6-28C8-4548-8CF7-DAC4903F1D1B}.Debug|Any CPU.ActiveCfg = Debug|Any CPU
		{594A17C6-28C8-4548-8CF7-DAC4903F1D1B}.Debug|Any CPU.Build.0 = Debug|Any CPU
		{594A17C6-28C8-4548-8CF7-DAC4903F1D1B}.Release|Any CPU.ActiveCfg = Release|Any CPU
		{594A17C6-28C8-4548-8CF7-DAC4903F1D1B}.Release|Any CPU.Build.0 = Release|Any CPU
		{89B7329C-9FDA-4977-A276-23EC9523E26C}.Debug|Any CPU.ActiveCfg = Debug|Any CPU
		{89B7329C-9FDA-4977-A276-23EC9523E26C}.Debug|Any CPU.Build.0 = Debug|Any CPU
		{89B7329C-9FDA-4977-A276-23EC9523E26C}.Release|Any CPU.ActiveCfg = Release|Any CPU
		{89B7329C-9FDA-4977-A276-23EC9523E26C}.Release|Any CPU.Build.0 = Release|Any CPU
		{7A0EAA05-A834-42BD-BB66-C8D9833696CB}.Debug|Any CPU.ActiveCfg = Debug|Any CPU
		{7A0EAA05-A834-42BD-BB66-C8D9833696CB}.Debug|Any CPU.Build.0 = Debug|Any CPU
		{7A0EAA05-A834-42BD-BB66-C8D9833696CB}.Release|Any CPU.ActiveCfg = Release|Any CPU
		{7A0EAA05-A834-42BD-BB66-C8D9833696CB}.Release|Any CPU.Build.0 = Release|Any CPU
	EndGlobalSection
EndGlobal
