
Microsoft Visual Studio Solution File, Format Version 12.00
Project("{FAE04EC0-301F-11D3-BF4B-00C04F79EFBC}") = "Habits.Core", "Habits.Core\Habits.Core.csproj", "{84B3D670-7C21-4E32-B858-351F4CD2667A}"
EndProject
Global
	GlobalSection(SolutionConfigurationPlatforms) = preSolution
		Debug|Any CPU = Debug|Any CPU
		Release|Any CPU = Release|Any CPU
	EndGlobalSection
	GlobalSection(ProjectConfigurationPlatforms) = postSolution
		{84B3D670-7C21-4E32-B858-351F4CD2667A}.Debug|Any CPU.ActiveCfg = Debug|Any CPU
		{84B3D670-7C21-4E32-B858-351F4CD2667A}.Debug|Any CPU.Build.0 = Debug|Any CPU
		{84B3D670-7C21-4E32-B858-351F4CD2667A}.Release|Any CPU.ActiveCfg = Release|Any CPU
		{84B3D670-7C21-4E32-B858-351F4CD2667A}.Release|Any CPU.Build.0 = Release|Any CPU
	EndGlobalSection
EndGlobal
